PODS:
  - CocoaLumberjack/Core (3.7.4)
  - CocoaLumberjack/Swift (3.7.4):
    - CocoaLumberjack/Core
  - FrameworkA_Objc_DependencyIssue/Core (0.3.0):
    - CocoaLumberjack/Swift
  - FrameworkB_Objc_DependencyIssue (0.3.0):
    - FrameworkA_Objc_DependencyIssue/Core (~> 0.3.0)

DEPENDENCIES:
  - FrameworkB_Objc_DependencyIssue (from `../`)

SPEC REPOS:
  "/Users/cweymann/workspace/Lab/localPrivateRepo.git":
    - FrameworkA_Objc_DependencyIssue
  https://github.com/CocoaPods/Specs.git:
    - CocoaLumberjack

EXTERNAL SOURCES:
  FrameworkB_Objc_DependencyIssue:
    :path: "../"

SPEC CHECKSUMS:
  CocoaLumberjack: 543c79c114dadc3b1aba95641d8738b06b05b646
  FrameworkA_Objc_DependencyIssue: be9c104e2507170c4b6af77ffd52c054d83893df
  FrameworkB_Objc_DependencyIssue: 3183b57889c6a2b842dbfda7380d4171e475c4f9

PODFILE CHECKSUM: de2ea1e849a698a208a49d98eb9c0af1ea159fb1

COCOAPODS: 1.11.2
